
Microsoft Visual Studio Solution File, Format Version 12.00
# Visual Studio 2012
Project("{8BC9CEB8-8B4A-11D0-8D11-00A0C91BC942}") = "GLSharp", "GLSharp\GLSharp.vcxproj", "{E01507DA-5CAD-450E-A7E2-0138E29D5EF6}"
EndProject
Project("{FAE04EC0-301F-11D3-BF4B-00C04F79EFBC}") = "test", "test\test.csproj", "{31489F17-10DF-442B-A42F-CB805606E577}"
EndProject
Global
	GlobalSection(SolutionConfigurationPlatforms) = preSolution
		Debug|Any CPU = Debug|Any CPU
		Debug|Mixed Platforms = Debug|Mixed Platforms
		Debug|Win32 = Debug|Win32
		Debug|x64 = Debug|x64
		Release|Any CPU = Release|Any CPU
		Release|Mixed Platforms = Release|Mixed Platforms
		Release|Win32 = Release|Win32
		Release|x64 = Release|x64
	EndGlobalSection
	GlobalSection(ProjectConfigurationPlatforms) = postSolution
		{E01507DA-5CAD-450E-A7E2-0138E29D5EF6}.Debug|Any CPU.ActiveCfg = Debug|Win32
		{E01507DA-5CAD-450E-A7E2-0138E29D5EF6}.Debug|Mixed Platforms.ActiveCfg = Debug|Win32
		{E01507DA-5CAD-450E-A7E2-0138E29D5EF6}.Debug|Win32.ActiveCfg = Debug|Win32
		{E01507DA-5CAD-450E-A7E2-0138E29D5EF6}.Debug|Win32.Build.0 = Debug|Win32
		{E01507DA-5CAD-450E-A7E2-0138E29D5EF6}.Debug|x64.ActiveCfg = Debug|x64
		{E01507DA-5CAD-450E-A7E2-0138E29D5EF6}.Debug|x64.Build.0 = Debug|x64
		{E01507DA-5CAD-450E-A7E2-0138E29D5EF6}.Release|Any CPU.ActiveCfg = Release|Win32
		{E01507DA-5CAD-450E-A7E2-0138E29D5EF6}.Release|Mixed Platforms.ActiveCfg = Release|Win32
		{E01507DA-5CAD-450E-A7E2-0138E29D5EF6}.Release|Win32.ActiveCfg = Release|Win32
		{E01507DA-5CAD-450E-A7E2-0138E29D5EF6}.Release|Win32.Build.0 = Release|Win32
		{E01507DA-5CAD-450E-A7E2-0138E29D5EF6}.Release|x64.ActiveCfg = Release|x64
		{E01507DA-5CAD-450E-A7E2-0138E29D5EF6}.Release|x64.Build.0 = Release|x64
		{31489F17-10DF-442B-A42F-CB805606E577}.Debug|Any CPU.ActiveCfg = Debug|Any CPU
		{31489F17-10DF-442B-A42F-CB805606E577}.Debug|Any CPU.Build.0 = Debug|Any CPU
		{31489F17-10DF-442B-A42F-CB805606E577}.Debug|Mixed Platforms.ActiveCfg = Debug|Any CPU
		{31489F17-10DF-442B-A42F-CB805606E577}.Debug|Mixed Platforms.Build.0 = Debug|Any CPU
		{31489F17-10DF-442B-A42F-CB805606E577}.Debug|Win32.ActiveCfg = Debug|Any CPU
		{31489F17-10DF-442B-A42F-CB805606E577}.Debug|Win32.Build.0 = Debug|Any CPU
		{31489F17-10DF-442B-A42F-CB805606E577}.Debug|x64.ActiveCfg = Debug|Any CPU
		{31489F17-10DF-442B-A42F-CB805606E577}.Release|Any CPU.ActiveCfg = Release|Any CPU
		{31489F17-10DF-442B-A42F-CB805606E577}.Release|Any CPU.Build.0 = Release|Any CPU
		{31489F17-10DF-442B-A42F-CB805606E577}.Release|Mixed Platforms.ActiveCfg = Release|Any CPU
		{31489F17-10DF-442B-A42F-CB805606E577}.Release|Mixed Platforms.Build.0 = Release|Any CPU
		{31489F17-10DF-442B-A42F-CB805606E577}.Release|Win32.ActiveCfg = Release|Any CPU
		{31489F17-10DF-442B-A42F-CB805606E577}.Release|Win32.Build.0 = Release|Any CPU
		{31489F17-10DF-442B-A42F-CB805606E577}.Release|x64.ActiveCfg = Release|Any CPU
	EndGlobalSection
	GlobalSection(SolutionProperties) = preSolution
		HideSolutionNode = FALSE
	EndGlobalSection
EndGlobal
